\nMicrosoft Visual Studio Solution File, Format Version 12.00\n# Visual Studio Version 17\nVisualStudioVersion = 17.14.36327.8\nMinimumVisualStudioVersion = 10.0.40219.1\nProject("{FAE04EC0-301F-11D3-BF4B-00C04F79EFBC}") = "KesifUygulamasiTemplate", "KesifUygulamasiTemplate.csproj", "{DCD991E2-C9F2-FE4D-B33B-501DF9867531}"\nEndProject\nGlobal\n	GlobalSection(SolutionConfigurationPlatforms) = preSolution\n		Debug|Any CPU = Debug|Any CPU\n		Debug|x64 = Debug|x64\n		Debug|x86 = Debug|x86\n		Release|Any CPU = Release|Any CPU\n		Release|x64 = Release|x64\n		Release|x86 = Release|x86\n	EndGlobalSection\n	GlobalSection(ProjectConfigurationPlatforms) = postSolution\n		{DCD991E2-C9F2-FE4D-B33B-501DF9867531}.Debug|Any CPU.ActiveCfg = Debug|Any CPU\n		{DCD991E2-C9F2-FE4D-B33B-501DF9867531}.Debug|Any CPU.Build.0 = Debug|Any CPU\n		{DCD991E2-C9F2-FE4D-B33B-501DF9867531}.Debug|x64.ActiveCfg = Debug|Any CPU\n		{DCD991E2-C9F2-FE4D-B33B-501DF9867531}.Debug|x64.Build.0 = Debug|Any CPU\n		{DCD991E2-C9F2-FE4D-B33B-501DF9867531}.Debug|x86.ActiveCfg = Debug|Any CPU\n		{DCD991E2-C9F2-FE4D-B33B-501DF9867531}.Debug|x86.Build.0 = Debug|Any CPU\n		{DCD991E2-C9F2-FE4D-B33B-501DF9867531}.Release|Any CPU.ActiveCfg = Release|Any CPU\n		{DCD991E2-C9F2-FE4D-B33B-501DF9867531}.Release|Any CPU.Build.0 = Release|Any CPU\n		{DCD991E2-C9F2-FE4D-B33B-501DF9867531}.Release|x64.ActiveCfg = Release|Any CPU\n		{DCD991E2-C9F2-FE4D-B33B-501DF9867531}.Release|x64.Build.0 = Release|Any CPU\n		{DCD991E2-C9F2-FE4D-B33B-501DF9867531}.Release|x86.ActiveCfg = Release|Any CPU\n		{DCD991E2-C9F2-FE4D-B33B-501DF9867531}.Release|x86.Build.0 = Release|Any CPU\n\n	EndGlobalSection\n	GlobalSection(SolutionProperties) = preSolution\n		HideSolutionNode = FALSE\n	EndGlobalSection\n	GlobalSection(ExtensibilityGlobals) = postSolution\n		SolutionGuid = {C1B06D7D-7075-46AC-807C-DE9F18450341}\n	EndGlobalSection\nEndGlobal\n